// !$*UTF8*$!
{
	archiveVersion = 1;
	classes = {
	};
	objectVersion = 56;
	objects = {

/* Begin PBXBuildFile section */
		AE1AF4A32B95A9C600C954F9 /* AppDelegate.swift in Sources */ = {isa = PBXBuildFile; fileRef = AE1AF4A22B95A9C600C954F9 /* AppDelegate.swift */; };
		AE1AF4A52B95A9C600C954F9 /* SceneDelegate.swift in Sources */ = {isa = PBXBuildFile; fileRef = AE1AF4A42B95A9C600C954F9 /* SceneDelegate.swift */; };
		AE1AF4A72B95A9C600C954F9 /* PetTableViewController.swift in Sources */ = {isa = PBXBuildFile; fileRef = AE1AF4A62B95A9C600C954F9 /* PetTableViewController.swift */; };
		AE1AF4AC2B95A9C700C954F9 /* Assets.xcassets in Resources */ = {isa = PBXBuildFile; fileRef = AE1AF4AB2B95A9C700C954F9 /* Assets.xcassets */; };
		AE1AF4AF2B95A9C700C954F9 /* LaunchScreen.storyboard in Resources */ = {isa = PBXBuildFile; fileRef = AE1AF4AD2B95A9C700C954F9 /* LaunchScreen.storyboard */; };
		AE1AF4B82B95A9E400C954F9 /* SnapKit in Frameworks */ = {isa = PBXBuildFile; productRef = AE1AF4B72B95A9E400C954F9 /* SnapKit */; };
		AE1AF4BA2B95A9E400C954F9 /* SnapKit-Dynamic in Frameworks */ = {isa = PBXBuildFile; productRef = AE1AF4B92B95A9E400C954F9 /* SnapKit-Dynamic */; };
		AE1AF4BE2B95AAED00C954F9 /* Pet.swift in Sources */ = {isa = PBXBuildFile; fileRef = AE1AF4BD2B95AAED00C954F9 /* Pet.swift */; };
		AE1AF4C22B95AB8700C954F9 /* NetworkManager.swift in Sources */ = {isa = PBXBuildFile; fileRef = AE1AF4C12B95AB8700C954F9 /* NetworkManager.swift */; };
		AE1AF4C52B95ABD100C954F9 /* Alamofire in Frameworks */ = {isa = PBXBuildFile; productRef = AE1AF4C42B95ABD100C954F9 /* Alamofire */; };
		AE1AF4C72B95ABD100C954F9 /* AlamofireDynamic in Frameworks */ = {isa = PBXBuildFile; productRef = AE1AF4C62B95ABD100C954F9 /* AlamofireDynamic */; };
		AE1AF4CB2B95D70700C954F9 /* DetailPetController.swift in Sources */ = {isa = PBXBuildFile; fileRef = AE1AF4CA2B95D70700C954F9 /* DetailPetController.swift */; };
		AE1AF4CE2B95E18B00C954F9 /* Kingfisher in Frameworks */ = {isa = PBXBuildFile; productRef = AE1AF4CD2B95E18B00C954F9 /* Kingfisher */; };
		AE1AF4D12B95F39300C954F9 /* AddPetViewController.swift in Sources */ = {isa = PBXBuildFile; fileRef = AE1AF4D02B95F39300C954F9 /* AddPetViewController.swift */; };
		AE1AF4D32B95F3B800C954F9 /* Eureka in Frameworks */ = {isa = PBXBuildFile; productRef = AE1AF4D22B95F3B800C954F9 /* Eureka */; };
		AE1AF4D52B95F3C800C954F9 /* Eureka in Frameworks */ = {isa = PBXBuildFile; productRef = AE1AF4D42B95F3C800C954F9 /* Eureka */; };
		AE1AF4D72B961F4200C954F9 /* InstructionsViewController.swift in Sources */ = {isa = PBXBuildFile; fileRef = AE1AF4D62B961F4200C954F9 /* InstructionsViewController.swift */; };
/* End PBXBuildFile section */

/* Begin PBXFileReference section */
		AE1AF49F2B95A9C600C954F9 /* MVC and networking.app */ = {isa = PBXFileReference; explicitFileType = wrapper.application; includeInIndex = 0; path = "MVC and networking.app"; sourceTree = BUILT_PRODUCTS_DIR; };
		AE1AF4A22B95A9C600C954F9 /* AppDelegate.swift */ = {isa = PBXFileReference; lastKnownFileType = sourcecode.swift; path = AppDelegate.swift; sourceTree = "<group>"; };
		AE1AF4A42B95A9C600C954F9 /* SceneDelegate.swift */ = {isa = PBXFileReference; lastKnownFileType = sourcecode.swift; path = SceneDelegate.swift; sourceTree = "<group>"; };
		AE1AF4A62B95A9C600C954F9 /* PetTableViewController.swift */ = {isa = PBXFileReference; lastKnownFileType = sourcecode.swift; path = PetTableViewController.swift; sourceTree = "<group>"; };
		AE1AF4AB2B95A9C700C954F9 /* Assets.xcassets */ = {isa = PBXFileReference; lastKnownFileType = folder.assetcatalog; path = Assets.xcassets; sourceTree = "<group>"; };
		AE1AF4AE2B95A9C700C954F9 /* Base */ = {isa = PBXFileReference; lastKnownFileType = file.storyboard; name = Base; path = Base.lproj/LaunchScreen.storyboard; sourceTree = "<group>"; };
		AE1AF4B02B95A9C700C954F9 /* Info.plist */ = {isa = PBXFileReference; lastKnownFileType = text.plist.xml; path = Info.plist; sourceTree = "<group>"; };
		AE1AF4BD2B95AAED00C954F9 /* Pet.swift */ = {isa = PBXFileReference; lastKnownFileType = sourcecode.swift; path = Pet.swift; sourceTree = "<group>"; };
		AE1AF4C12B95AB8700C954F9 /* NetworkManager.swift */ = {isa = PBXFileReference; lastKnownFileType = sourcecode.swift; path = NetworkManager.swift; sourceTree = "<group>"; };
		AE1AF4CA2B95D70700C954F9 /* DetailPetController.swift */ = {isa = PBXFileReference; lastKnownFileType = sourcecode.swift; path = DetailPetController.swift; sourceTree = "<group>"; };
		AE1AF4D02B95F39300C954F9 /* AddPetViewController.swift */ = {isa = PBXFileReference; lastKnownFileType = sourcecode.swift; path = AddPetViewController.swift; sourceTree = "<group>"; };
		AE1AF4D62B961F4200C954F9 /* InstructionsViewController.swift */ = {isa = PBXFileReference; lastKnownFileType = sourcecode.swift; path = InstructionsViewController.swift; sourceTree = "<group>"; };
/* End PBXFileReference section */

/* Begin PBXFrameworksBuildPhase section */
		AE1AF49C2B95A9C600C954F9 /* Frameworks */ = {
			isa = PBXFrameworksBuildPhase;
			buildActionMask = 2147483647;
			files = (
				AE1AF4C52B95ABD100C954F9 /* Alamofire in Frameworks */,
				AE1AF4C72B95ABD100C954F9 /* AlamofireDynamic in Frameworks */,
				AE1AF4B82B95A9E400C954F9 /* SnapKit in Frameworks */,
				AE1AF4BA2B95A9E400C954F9 /* SnapKit-Dynamic in Frameworks */,
				AE1AF4CE2B95E18B00C954F9 /* Kingfisher in Frameworks */,
				AE1AF4D52B95F3C800C954F9 /* Eureka in Frameworks */,
				AE1AF4D32B95F3B800C954F9 /* Eureka in Frameworks */,
			);
			runOnlyForDeploymentPostprocessing = 0;
		};
/* End PBXFrameworksBuildPhase section */

/* Begin PBXGroup section */
		AE1AF4962B95A9C600C954F9 = {
			isa = PBXGroup;
			children = (
				AE1AF4A12B95A9C600C954F9 /* MVC and networking */,
				AE1AF4A02B95A9C600C954F9 /* Products */,
			);
			sourceTree = "<group>";
		};
		AE1AF4A02B95A9C600C954F9 /* Products */ = {
			isa = PBXGroup;
			children = (
				AE1AF49F2B95A9C600C954F9 /* MVC and networking.app */,
			);
			name = Products;
			sourceTree = "<group>";
		};
		AE1AF4A12B95A9C600C954F9 /* MVC and networking */ = {
			isa = PBXGroup;
			children = (
				AE1AF4C02B95AB5900C954F9 /* Network */,
				AE1AF4BF2B95AAFA00C954F9 /* VC */,
				AE1AF4BC2B95AAC300C954F9 /* Model */,
				AE1AF4BB2B95AA8100C954F9 /* Supporting */,
				AE1AF4AB2B95A9C700C954F9 /* Assets.xcassets */,
				AE1AF4AD2B95A9C700C954F9 /* LaunchScreen.storyboard */,
				AE1AF4B02B95A9C700C954F9 /* Info.plist */,
			);
			path = "MVC and networking";
			sourceTree = "<group>";
		};
		AE1AF4BB2B95AA8100C954F9 /* Supporting */ = {
			isa = PBXGroup;
			children = (
				AE1AF4A42B95A9C600C954F9 /* SceneDelegate.swift */,
				AE1AF4A22B95A9C600C954F9 /* AppDelegate.swift */,
			);
			path = Supporting;
			sourceTree = "<group>";
		};
		AE1AF4BC2B95AAC300C954F9 /* Model */ = {
			isa = PBXGroup;
			children = (
				AE1AF4BD2B95AAED00C954F9 /* Pet.swift */,
			);
			name = Model;
			sourceTree = "<group>";
		};
		AE1AF4BF2B95AAFA00C954F9 /* VC */ = {
			isa = PBXGroup;
			children = (
				AE1AF4A62B95A9C600C954F9 /* PetTableViewController.swift */,
				AE1AF4CA2B95D70700C954F9 /* DetailPetController.swift */,
				AE1AF4D02B95F39300C954F9 /* AddPetViewController.swift */,
				AE1AF4D62B961F4200C954F9 /* InstructionsViewController.swift */,
			);
			path = VC;
			sourceTree = "<group>";
		};
		AE1AF4C02B95AB5900C954F9 /* Network */ = {
			isa = PBXGroup;
			children = (
				AE1AF4C12B95AB8700C954F9 /* NetworkManager.swift */,
			);
			name = Network;
			sourceTree = "<group>";
		};
/* End PBXGroup section */

/* Begin PBXNativeTarget section */
		AE1AF49E2B95A9C600C954F9 /* MVC and networking */ = {
			isa = PBXNativeTarget;
			buildConfigurationList = AE1AF4B32B95A9C700C954F9 /* Build configuration list for PBXNativeTarget "MVC and networking" */;
			buildPhases = (
				AE1AF49B2B95A9C600C954F9 /* Sources */,
				AE1AF49C2B95A9C600C954F9 /* Frameworks */,
				AE1AF49D2B95A9C600C954F9 /* Resources */,
			);
			buildRules = (
			);
			dependencies = (
			);
			name = "MVC and networking";
			packageProductDependencies = (
				AE1AF4B72B95A9E400C954F9 /* SnapKit */,
				AE1AF4B92B95A9E400C954F9 /* SnapKit-Dynamic */,
				AE1AF4C42B95ABD100C954F9 /* Alamofire */,
				AE1AF4C62B95ABD100C954F9 /* AlamofireDynamic */,
				AE1AF4CD2B95E18B00C954F9 /* Kingfisher */,
				AE1AF4D22B95F3B800C954F9 /* Eureka */,
				AE1AF4D42B95F3C800C954F9 /* Eureka */,
			);
			productName = "MVC and networking";
			productReference = AE1AF49F2B95A9C600C954F9 /* MVC and networking.app */;
			productType = "com.apple.product-type.application";
		};
/* End PBXNativeTarget section */

/* Begin PBXProject section */
		AE1AF4972B95A9C600C954F9 /* Project object */ = {
			isa = PBXProject;
			attributes = {
				BuildIndependentTargetsInParallel = 1;
				LastSwiftUpdateCheck = 1520;
				LastUpgradeCheck = 1520;
				TargetAttributes = {
					AE1AF49E2B95A9C600C954F9 = {
						CreatedOnToolsVersion = 15.2;
					};
				};
			};
			buildConfigurationList = AE1AF49A2B95A9C600C954F9 /* Build configuration list for PBXProject "MVC and networking" */;
			compatibilityVersion = "Xcode 14.0";
			developmentRegion = en;
			hasScannedForEncodings = 0;
			knownRegions = (
				en,
				Base,
			);
			mainGroup = AE1AF4962B95A9C600C954F9;
			packageReferences = (
				AE1AF4B62B95A9E400C954F9 /* XCRemoteSwiftPackageReference "SnapKit" */,
				AE1AF4C32B95ABD100C954F9 /* XCRemoteSwiftPackageReference "Alamofire" */,
				AE1AF4CC2B95E18B00C954F9 /* XCRemoteSwiftPackageReference "Kingfisher" */,
				AE1AF4CF2B95F34A00C954F9 /* XCRemoteSwiftPackageReference "Eureka" */,
			);
			productRefGroup = AE1AF4A02B95A9C600C954F9 /* Products */;
			projectDirPath = "";
			projectRoot = "";
			targets = (
				AE1AF49E2B95A9C600C954F9 /* MVC and networking */,
			);
		};
/* End PBXProject section */

/* Begin PBXResourcesBuildPhase section */
		AE1AF49D2B95A9C600C954F9 /* Resources */ = {
			isa = PBXResourcesBuildPhase;
			buildActionMask = 2147483647;
			files = (
				AE1AF4AF2B95A9C700C954F9 /* LaunchScreen.storyboard in Resources */,
				AE1AF4AC2B95A9C700C954F9 /* Assets.xcassets in Resources */,
			);
			runOnlyForDeploymentPostprocessing = 0;
		};
/* End PBXResourcesBuildPhase section */

/* Begin PBXSourcesBuildPhase section */
		AE1AF49B2B95A9C600C954F9 /* Sources */ = {
			isa = PBXSourcesBuildPhase;
			buildActionMask = 2147483647;
			files = (
				AE1AF4BE2B95AAED00C954F9 /* Pet.swift in Sources */,
				AE1AF4A72B95A9C600C954F9 /* PetTableViewController.swift in Sources */,
				AE1AF4C22B95AB8700C954F9 /* NetworkManager.swift in Sources */,
				AE1AF4D12B95F39300C954F9 /* AddPetViewController.swift in Sources */,
				AE1AF4A32B95A9C600C954F9 /* AppDelegate.swift in Sources */,
				AE1AF4CB2B95D70700C954F9 /* DetailPetController.swift in Sources */,
				AE1AF4D72B961F4200C954F9 /* InstructionsViewController.swift in Sources */,
				AE1AF4A52B95A9C600C954F9 /* SceneDelegate.swift in Sources */,
			);
			runOnlyForDeploymentPostprocessing = 0;
		};
/* End PBXSourcesBuildPhase section */

/* Begin PBXVariantGroup section */
		AE1AF4AD2B95A9C700C954F9 /* LaunchScreen.storyboard */ = {
			isa = PBXVariantGroup;
			children = (
				AE1AF4AE2B95A9C700C954F9 /* Base */,
			);
			name = LaunchScreen.storyboard;
			sourceTree = "<group>";
		};
/* End PBXVariantGroup section */

/* Begin XCBuildConfiguration section */
		AE1AF4B12B95A9C700C954F9 /* Debug */ = {
			isa = XCBuildConfiguration;
			buildSettings = {
				ALWAYS_SEARCH_USER_PATHS = NO;
				ASSETCATALOG_COMPILER_GENERATE_SWIFT_ASSET_SYMBOL_EXTENSIONS = YES;
				CLANG_ANALYZER_NONNULL = YES;
				CLANG_ANALYZER_NUMBER_OBJECT_CONVERSION = YES_AGGRESSIVE;
				CLANG_CXX_LANGUAGE_STANDARD = "gnu++20";
				CLANG_ENABLE_MODULES = YES;
				CLANG_ENABLE_OBJC_ARC = YES;
				CLANG_ENABLE_OBJC_WEAK = YES;
				CLANG_WARN_BLOCK_CAPTURE_AUTORELEASING = YES;
				CLANG_WARN_BOOL_CONVERSION = YES;
				CLANG_WARN_COMMA = YES;
				CLANG_WARN_CONSTANT_CONVERSION = YES;
				CLANG_WARN_DEPRECATED_OBJC_IMPLEMENTATIONS = YES;
				CLANG_WARN_DIRECT_OBJC_ISA_USAGE = YES_ERROR;
				CLANG_WARN_DOCUMENTATION_COMMENTS = YES;
				CLANG_WARN_EMPTY_BODY = YES;
				CLANG_WARN_ENUM_CONVERSION = YES;
				CLANG_WARN_INFINITE_RECURSION = YES;
				CLANG_WARN_INT_CONVERSION = YES;
				CLANG_WARN_NON_LITERAL_NULL_CONVERSION = YES;
				CLANG_WARN_OBJC_IMPLICIT_RETAIN_SELF = YES;
				CLANG_WARN_OBJC_LITERAL_CONVERSION = YES;
				CLANG_WARN_OBJC_ROOT_CLASS = YES_ERROR;
				CLANG_WARN_QUOTED_INCLUDE_IN_FRAMEWORK_HEADER = YES;
				CLANG_WARN_RANGE_LOOP_ANALYSIS = YES;
				CLANG_WARN_STRICT_PROTOTYPES = YES;
				CLANG_WARN_SUSPICIOUS_MOVE = YES;
				CLANG_WARN_UNGUARDED_AVAILABILITY = YES_AGGRESSIVE;
				CLANG_WARN_UNREACHABLE_CODE = YES;
				CLANG_WARN__DUPLICATE_METHOD_MATCH = YES;
				COPY_PHASE_STRIP = NO;
				DEBUG_INFORMATION_FORMAT = dwarf;
				ENABLE_STRICT_OBJC_MSGSEND = YES;
				ENABLE_TESTABILITY = YES;
				ENABLE_USER_SCRIPT_SANDBOXING = YES;
				GCC_C_LANGUAGE_STANDARD = gnu17;
				GCC_DYNAMIC_NO_PIC = NO;
				GCC_NO_COMMON_BLOCKS = YES;
				GCC_OPTIMIZATION_LEVEL = 0;
				GCC_PREPROCESSOR_DEFINITIONS = (
					"DEBUG=1",
					"$(inherited)",
				);
				GCC_WARN_64_TO_32_BIT_CONVERSION = YES;
				GCC_WARN_ABOUT_RETURN_TYPE = YES_ERROR;
				GCC_WARN_UNDECLARED_SELECTOR = YES;
				GCC_WARN_UNINITIALIZED_AUTOS = YES_AGGRESSIVE;
				GCC_WARN_UNUSED_FUNCTION = YES;
				GCC_WARN_UNUSED_VARIABLE = YES;
				IPHONEOS_DEPLOYMENT_TARGET = 17.2;
				LOCALIZATION_PREFERS_STRING_CATALOGS = YES;
				MTL_ENABLE_DEBUG_INFO = INCLUDE_SOURCE;
				MTL_FAST_MATH = YES;
				ONLY_ACTIVE_ARCH = YES;
				SDKROOT = iphoneos;
				SWIFT_ACTIVE_COMPILATION_CONDITIONS = "DEBUG $(inherited)";
				SWIFT_OPTIMIZATION_LEVEL = "-Onone";
			};
			name = Debug;
		};
		AE1AF4B22B95A9C700C954F9 /* Release */ = {
			isa = XCBuildConfiguration;
			buildSettings = {
				ALWAYS_SEARCH_USER_PATHS = NO;
				ASSETCATALOG_COMPILER_GENERATE_SWIFT_ASSET_SYMBOL_EXTENSIONS = YES;
				CLANG_ANALYZER_NONNULL = YES;
				CLANG_ANALYZER_NUMBER_OBJECT_CONVERSION = YES_AGGRESSIVE;
				CLANG_CXX_LANGUAGE_STANDARD = "gnu++20";
				CLANG_ENABLE_MODULES = YES;
				CLANG_ENABLE_OBJC_ARC = YES;
				CLANG_ENABLE_OBJC_WEAK = YES;
				CLANG_WARN_BLOCK_CAPTURE_AUTORELEASING = YES;
				CLANG_WARN_BOOL_CONVERSION = YES;
				CLANG_WARN_COMMA = YES;
				CLANG_WARN_CONSTANT_CONVERSION = YES;
				CLANG_WARN_DEPRECATED_OBJC_IMPLEMENTATIONS = YES;
				CLANG_WARN_DIRECT_OBJC_ISA_USAGE = YES_ERROR;
				CLANG_WARN_DOCUMENTATION_COMMENTS = YES;
				CLANG_WARN_EMPTY_BODY = YES;
				CLANG_WARN_ENUM_CONVERSION = YES;
				CLANG_WARN_INFINITE_RECURSION = YES;
				CLANG_WARN_INT_CONVERSION = YES;
				CLANG_WARN_NON_LITERAL_NULL_CONVERSION = YES;
				CLANG_WARN_OBJC_IMPLICIT_RETAIN_SELF = YES;
				CLANG_WARN_OBJC_LITERAL_CONVERSION = YES;
				CLANG_WARN_OBJC_ROOT_CLASS = YES_ERROR;
				CLANG_WARN_QUOTED_INCLUDE_IN_FRAMEWORK_HEADER = YES;
				CLANG_WARN_RANGE_LOOP_ANALYSIS = YES;
				CLANG_WARN_STRICT_PROTOTYPES = YES;
				CLANG_WARN_SUSPICIOUS_MOVE = YES;
				CLANG_WARN_UNGUARDED_AVAILABILITY = YES_AGGRESSIVE;
				CLANG_WARN_UNREACHABLE_CODE = YES;
				CLANG_WARN__DUPLICATE_METHOD_MATCH = YES;
				COPY_PHASE_STRIP = NO;
				DEBUG_INFORMATION_FORMAT = "dwarf-with-dsym";
				ENABLE_NS_ASSERTIONS = NO;
				ENABLE_STRICT_OBJC_MSGSEND = YES;
				ENABLE_USER_SCRIPT_SANDBOXING = YES;
				GCC_C_LANGUAGE_STANDARD = gnu17;
				GCC_NO_COMMON_BLOCKS = YES;
				GCC_WARN_64_TO_32_BIT_CONVERSION = YES;
				GCC_WARN_ABOUT_RETURN_TYPE = YES_ERROR;
				GCC_WARN_UNDECLARED_SELECTOR = YES;
				GCC_WARN_UNINITIALIZED_AUTOS = YES_AGGRESSIVE;
				GCC_WARN_UNUSED_FUNCTION = YES;
				GCC_WARN_UNUSED_VARIABLE = YES;
				IPHONEOS_DEPLOYMENT_TARGET = 17.2;
				LOCALIZATION_PREFERS_STRING_CATALOGS = YES;
				MTL_ENABLE_DEBUG_INFO = NO;
				MTL_FAST_MATH = YES;
				SDKROOT = iphoneos;
				SWIFT_COMPILATION_MODE = wholemodule;
				VALIDATE_PRODUCT = YES;
			};
			name = Release;
		};
		AE1AF4B42B95A9C700C954F9 /* Debug */ = {
			isa = XCBuildConfiguration;
			buildSettings = {
				ASSETCATALOG_COMPILER_APPICON_NAME = AppIcon;
				ASSETCATALOG_COMPILER_GLOBAL_ACCENT_COLOR_NAME = AccentColor;
				CODE_SIGN_STYLE = Automatic;
				CURRENT_PROJECT_VERSION = 1;
				GENERATE_INFOPLIST_FILE = YES;
				INFOPLIST_FILE = "MVC and networking/Info.plist";
				INFOPLIST_KEY_UIApplicationSupportsIndirectInputEvents = YES;
				INFOPLIST_KEY_UILaunchStoryboardName = LaunchScreen;
				INFOPLIST_KEY_UISupportedInterfaceOrientations_iPad = "UIInterfaceOrientationPortrait UIInterfaceOrientationPortraitUpsideDown UIInterfaceOrientationLandscapeLeft UIInterfaceOrientationLandscapeRight";
				INFOPLIST_KEY_UISupportedInterfaceOrientations_iPhone = "UIInterfaceOrientationPortrait UIInterfaceOrientationLandscapeLeft UIInterfaceOrientationLandscapeRight";
				LD_RUNPATH_SEARCH_PATHS = (
					"$(inherited)",
					"@executable_path/Frameworks",
				);
				MARKETING_VERSION = 1.0;
				PRODUCT_BUNDLE_IDENTIFIER = "Haya.MVC-and-networking";
				PRODUCT_NAME = "$(TARGET_NAME)";
				SWIFT_EMIT_LOC_STRINGS = YES;
				SWIFT_VERSION = 5.0;
				TARGETED_DEVICE_FAMILY = "1,2";
			};
			name = Debug;
		};
		AE1AF4B52B95A9C700C954F9 /* Release */ = {
			isa = XCBuildConfiguration;
			buildSettings = {
				ASSETCATALOG_COMPILER_APPICON_NAME = AppIcon;
				ASSETCATALOG_COMPILER_GLOBAL_ACCENT_COLOR_NAME = AccentColor;
				CODE_SIGN_STYLE = Automatic;
				CURRENT_PROJECT_VERSION = 1;
				GENERATE_INFOPLIST_FILE = YES;
				INFOPLIST_FILE = "MVC and networking/Info.plist";
				INFOPLIST_KEY_UIApplicationSupportsIndirectInputEvents = YES;
				INFOPLIST_KEY_UILaunchStoryboardName = LaunchScreen;
				INFOPLIST_KEY_UISupportedInterfaceOrientations_iPad = "UIInterfaceOrientationPortrait UIInterfaceOrientationPortraitUpsideDown UIInterfaceOrientationLandscapeLeft UIInterfaceOrientationLandscapeRight";
				INFOPLIST_KEY_UISupportedInterfaceOrientations_iPhone = "UIInterfaceOrientationPortrait UIInterfaceOrientationLandscapeLeft UIInterfaceOrientationLandscapeRight";
				LD_RUNPATH_SEARCH_PATHS = (
					"$(inherited)",
					"@executable_path/Frameworks",
				);
				MARKETING_VERSION = 1.0;
				PRODUCT_BUNDLE_IDENTIFIER = "Haya.MVC-and-networking";
				PRODUCT_NAME = "$(TARGET_NAME)";
				SWIFT_EMIT_LOC_STRINGS = YES;
				SWIFT_VERSION = 5.0;
				TARGETED_DEVICE_FAMILY = "1,2";
			};
			name = Release;
		};
/* End XCBuildConfiguration section */

/* Begin XCConfigurationList section */
		AE1AF49A2B95A9C600C954F9 /* Build configuration list for PBXProject "MVC and networking" */ = {
			isa = XCConfigurationList;
			buildConfigurations = (
				AE1AF4B12B95A9C700C954F9 /* Debug */,
				AE1AF4B22B95A9C700C954F9 /* Release */,
			);
			defaultConfigurationIsVisible = 0;
			defaultConfigurationName = Release;
		};
		AE1AF4B32B95A9C700C954F9 /* Build configuration list for PBXNativeTarget "MVC and networking" */ = {
			isa = XCConfigurationList;
			buildConfigurations = (
				AE1AF4B42B95A9C700C954F9 /* Debug */,
				AE1AF4B52B95A9C700C954F9 /* Release */,
			);
			defaultConfigurationIsVisible = 0;
			defaultConfigurationName = Release;
		};
/* End XCConfigurationList section */

/* Begin XCRemoteSwiftPackageReference section */
		AE1AF4B62B95A9E400C954F9 /* XCRemoteSwiftPackageReference "SnapKit" */ = {
			isa = XCRemoteSwiftPackageReference;
			repositoryURL = "https://github.com/SnapKit/SnapKit.git";
			requirement = {
				kind = upToNextMajorVersion;
				minimumVersion = 5.7.1;
			};
		};
		AE1AF4C32B95ABD100C954F9 /* XCRemoteSwiftPackageReference "Alamofire" */ = {
			isa = XCRemoteSwiftPackageReference;
			repositoryURL = "https://github.com/Alamofire/Alamofire";
			requirement = {
				kind = upToNextMajorVersion;
				minimumVersion = 5.9.0;
			};
		};
		AE1AF4CC2B95E18B00C954F9 /* XCRemoteSwiftPackageReference "Kingfisher" */ = {
			isa = XCRemoteSwiftPackageReference;
			repositoryURL = "https://github.com/onevcat/Kingfisher.git";
			requirement = {
				kind = upToNextMajorVersion;
				minimumVersion = 7.11.0;
			};
		};
		AE1AF4CF2B95F34A00C954F9 /* XCRemoteSwiftPackageReference "Eureka" */ = {
			isa = XCRemoteSwiftPackageReference;
			repositoryURL = "https://github.com/xmartlabs/Eureka";
			requirement = {
				kind = upToNextMajorVersion;
				minimumVersion = 5.4.0;
			};
		};
/* End XCRemoteSwiftPackageReference section */

/* Begin XCSwiftPackageProductDependency section */
		AE1AF4B72B95A9E400C954F9 /* SnapKit */ = {
			isa = XCSwiftPackageProductDependency;
			package = AE1AF4B62B95A9E400C954F9 /* XCRemoteSwiftPackageReference "SnapKit" */;
			productName = SnapKit;
		};
		AE1AF4B92B95A9E400C954F9 /* SnapKit-Dynamic */ = {
			isa = XCSwiftPackageProductDependency;
			package = AE1AF4B62B95A9E400C954F9 /* XCRemoteSwiftPackageReference "SnapKit" */;
			productName = "SnapKit-Dynamic";
		};
		AE1AF4C42B95ABD100C954F9 /* Alamofire */ = {
			isa = XCSwiftPackageProductDependency;
			package = AE1AF4C32B95ABD100C954F9 /* XCRemoteSwiftPackageReference "Alamofire" */;
			productName = Alamofire;
		};
		AE1AF4C62B95ABD100C954F9 /* AlamofireDynamic */ = {
			isa = XCSwiftPackageProductDependency;
			package = AE1AF4C32B95ABD100C954F9 /* XCRemoteSwiftPackageReference "Alamofire" */;
			productName = AlamofireDynamic;
		};
		AE1AF4CD2B95E18B00C954F9 /* Kingfisher */ = {
			isa = XCSwiftPackageProductDependency;
			package = AE1AF4CC2B95E18B00C954F9 /* XCRemoteSwiftPackageReference "Kingfisher" */;
			productName = Kingfisher;
		};
		AE1AF4D22B95F3B800C954F9 /* Eureka */ = {
			isa = XCSwiftPackageProductDependency;
			package = AE1AF4CF2B95F34A00C954F9 /* XCRemoteSwiftPackageReference "Eureka" */;
			productName = Eureka;
		};
		AE1AF4D42B95F3C800C954F9 /* Eureka */ = {
			isa = XCSwiftPackageProductDependency;
			package = AE1AF4CF2B95F34A00C954F9 /* XCRemoteSwiftPackageReference "Eureka" */;
			productName = Eureka;
		};
/* End XCSwiftPackageProductDependency section */
	};
	rootObject = AE1AF4972B95A9C600C954F9 /* Project object */;
}
